// !$*UTF8*$!
{
	archiveVersion = 1;
	classes = {
	};
	objectVersion = 46;
	objects = {

/* Begin PBXBuildFile section */
		4E4308771BFB340900291ED1 /* GoogleMobileAds.framework in Frameworks */ = {isa = PBXBuildFile; fileRef = 4E4308761BFB340900291ED1 /* GoogleMobileAds.framework */; };
		4E4308821BFB388C00291ED1 /* AdSupport.framework in Frameworks */ = {isa = PBXBuildFile; fileRef = 4E4308781BFB388C00291ED1 /* AdSupport.framework */; };
		4E4308831BFB388C00291ED1 /* AudioToolbox.framework in Frameworks */ = {isa = PBXBuildFile; fileRef = 4E4308791BFB388C00291ED1 /* AudioToolbox.framework */; };
		4E4308841BFB388C00291ED1 /* AVFoundation.framework in Frameworks */ = {isa = PBXBuildFile; fileRef = 4E43087A1BFB388C00291ED1 /* AVFoundation.framework */; };
		4E4308851BFB388C00291ED1 /* CoreGraphics.framework in Frameworks */ = {isa = PBXBuildFile; fileRef = 4E43087B1BFB388C00291ED1 /* CoreGraphics.framework */; };
		4E4308861BFB388C00291ED1 /* CoreMedia.framework in Frameworks */ = {isa = PBXBuildFile; fileRef = 4E43087C1BFB388C00291ED1 /* CoreMedia.framework */; };
		4E4308871BFB388C00291ED1 /* CoreTelephony.framework in Frameworks */ = {isa = PBXBuildFile; fileRef = 4E43087D1BFB388C00291ED1 /* CoreTelephony.framework */; };
		4E4308881BFB388C00291ED1 /* EventKit.framework in Frameworks */ = {isa = PBXBuildFile; fileRef = 4E43087E1BFB388C00291ED1 /* EventKit.framework */; };
		4E4308891BFB388C00291ED1 /* EventKitUI.framework in Frameworks */ = {isa = PBXBuildFile; fileRef = 4E43087F1BFB388C00291ED1 /* EventKitUI.framework */; };
		4E43088A1BFB388C00291ED1 /* MessageUI.framework in Frameworks */ = {isa = PBXBuildFile; fileRef = 4E4308801BFB388C00291ED1 /* MessageUI.framework */; };
		4E43088B1BFB388C00291ED1 /* SystemConfiguration.framework in Frameworks */ = {isa = PBXBuildFile; fileRef = 4E4308811BFB388C00291ED1 /* SystemConfiguration.framework */; };
		4E43088D1BFB3FE200291ED1 /* UIKit.framework in Frameworks */ = {isa = PBXBuildFile; fileRef = 4E43088C1BFB3FE200291ED1 /* UIKit.framework */; };
		4E43088F1BFB3FE900291ED1 /* QuartzCore.framework in Frameworks */ = {isa = PBXBuildFile; fileRef = 4E43088E1BFB3FE900291ED1 /* QuartzCore.framework */; };
		4E4308931BFBDBE300291ED1 /* TAPPX.framework in Frameworks */ = {isa = PBXBuildFile; fileRef = 4E4308901BFB457600291ED1 /* TAPPX.framework */; };
		4E453BA71B63F12600E8E944 /* back.png in Resources */ = {isa = PBXBuildFile; fileRef = 4E453BA61B63F12600E8E944 /* back.png */; };
		4E4BA9841BBD925800A17562 /* save-me-cost.png in Resources */ = {isa = PBXBuildFile; fileRef = 4E4BA9831BBD925800A17562 /* save-me-cost.png */; };
		4E500D2B1BEAD50A00489161 /* binSound_1.mp3 in Resources */ = {isa = PBXBuildFile; fileRef = 4E500D261BEAD50A00489161 /* binSound_1.mp3 */; };
		4E500D2C1BEAD50A00489161 /* binSound_2.mp3 in Resources */ = {isa = PBXBuildFile; fileRef = 4E500D271BEAD50A00489161 /* binSound_2.mp3 */; };
		4E500D2D1BEAD50A00489161 /* binSound_3.mp3 in Resources */ = {isa = PBXBuildFile; fileRef = 4E500D281BEAD50A00489161 /* binSound_3.mp3 */; };
		4E500D2E1BEAD50A00489161 /* binSound_4.mp3 in Resources */ = {isa = PBXBuildFile; fileRef = 4E500D291BEAD50A00489161 /* binSound_4.mp3 */; };
		4E500D2F1BEAD50A00489161 /* binSound_5.mp3 in Resources */ = {isa = PBXBuildFile; fileRef = 4E500D2A1BEAD50A00489161 /* binSound_5.mp3 */; };
		4E52E87C1B7AC7FC00D8A846 /* game_sans_serif_7.ttf in Resources */ = {isa = PBXBuildFile; fileRef = 4EED7F8E1B71117000534B61 /* game_sans_serif_7.ttf */; };
		4E52E87D1B7AC7FF00D8A846 /* boulder.ttf in Resources */ = {isa = PBXBuildFile; fileRef = 4E453BA81B64166B00E8E944 /* boulder.ttf */; };
		4E52E87E1B7AC80A00D8A846 /* playtime.otf in Resources */ = {isa = PBXBuildFile; fileRef = 4EED7F8F1B71248300534B61 /* playtime.otf */; };
		4E52E8801B7ACA7C00D8A846 /* rounded-rectangle.png in Resources */ = {isa = PBXBuildFile; fileRef = 4E52E87F1B7ACA7C00D8A846 /* rounded-rectangle.png */; };
		4E9577831BED582500E1E0B2 /* coin10.wav in Resources */ = {isa = PBXBuildFile; fileRef = 4E9577821BED582500E1E0B2 /* coin10.wav */; };
		4E9577871BED6EB500E1E0B2 /* menuBGMusic.mp3 in Resources */ = {isa = PBXBuildFile; fileRef = 4E9577861BED6EB500E1E0B2 /* menuBGMusic.mp3 */; };
		4E95778B1BED719400E1E0B2 /* gameMusic.mp3 in Resources */ = {isa = PBXBuildFile; fileRef = 4E95778A1BED719400E1E0B2 /* gameMusic.mp3 */; };
		4EAD3BB91B82702F000EB10B /* GBAStoreScene.m in Sources */ = {isa = PBXBuildFile; fileRef = 4EAD3BB81B82702F000EB10B /* GBAStoreScene.m */; };
		4EC0FDE01B7ACD8100E83B99 /* amount_of_coins.png in Resources */ = {isa = PBXBuildFile; fileRef = 4EC0FDDF1B7ACD8100E83B99 /* amount_of_coins.png */; };
		4ED8E95F1BBD95DA00828790 /* save-me-frame.png in Resources */ = {isa = PBXBuildFile; fileRef = 4ED8E95E1BBD95DA00828790 /* save-me-frame.png */; };
		4EE9E99A1B8E07E90026899B /* KeepCalm-Medium.ttf in Resources */ = {isa = PBXBuildFile; fileRef = 4EE9E9991B8E079B0026899B /* KeepCalm-Medium.ttf */; };
		4EE9E99D1B8E0B760026899B /* GBACoinScene.m in Sources */ = {isa = PBXBuildFile; fileRef = 4EE9E99C1B8E0B760026899B /* GBACoinScene.m */; };
		5227AB5C1B7B70390060502F /* origamiTitle.png in Resources */ = {isa = PBXBuildFile; fileRef = 5227AB5A1B7B70390060502F /* origamiTitle.png */; };
		5227AB5E1B7B72100060502F /* play.png in Resources */ = {isa = PBXBuildFile; fileRef = 5227AB5D1B7B72100060502F /* play.png */; };
		5227AB601B7B73A40060502F /* info-screen.png in Resources */ = {isa = PBXBuildFile; fileRef = 5227AB5F1B7B73A40060502F /* info-screen.png */; };
		5239FA281A8D6AA000434C25 /* main.m in Sources */ = {isa = PBXBuildFile; fileRef = 5239FA271A8D6AA000434C25 /* main.m */; };
		5239FA2B1A8D6AA000434C25 /* AppDelegate.m in Sources */ = {isa = PBXBuildFile; fileRef = 5239FA2A1A8D6AA000434C25 /* AppDelegate.m */; };
		5239FA2E1A8D6AA000434C25 /* GBAGameScene.m in Sources */ = {isa = PBXBuildFile; fileRef = 5239FA2D1A8D6AA000434C25 /* GBAGameScene.m */; };
		5239FA331A8D6AA000434C25 /* GBAViewController.m in Sources */ = {isa = PBXBuildFile; fileRef = 5239FA321A8D6AA000434C25 /* GBAViewController.m */; };
		5239FA361A8D6AA000434C25 /* Main.storyboard in Resources */ = {isa = PBXBuildFile; fileRef = 5239FA341A8D6AA000434C25 /* Main.storyboard */; };
		5239FA381A8D6AA000434C25 /* Images.xcassets in Resources */ = {isa = PBXBuildFile; fileRef = 5239FA371A8D6AA000434C25 /* Images.xcassets */; };
		5239FA471A8D6AA000434C25 /* Origami_GameTests.m in Sources */ = {isa = PBXBuildFile; fileRef = 5239FA461A8D6AA000434C25 /* Origami_GameTests.m */; };
		5239FA511A8D6B3600434C25 /* iAd.framework in Frameworks */ = {isa = PBXBuildFile; fileRef = 5239FA501A8D6B3600434C25 /* iAd.framework */; };
		5239FA531A8D6B3B00434C25 /* GameKit.framework in Frameworks */ = {isa = PBXBuildFile; fileRef = 5239FA521A8D6B3B00434C25 /* GameKit.framework */; };
		5239FA561A8D6B4D00434C25 /* GameState.m in Sources */ = {isa = PBXBuildFile; fileRef = 5239FA551A8D6B4D00434C25 /* GameState.m */; };
		5239FA591A8D6B5700434C25 /* GBAMenuScene.m in Sources */ = {isa = PBXBuildFile; fileRef = 5239FA581A8D6B5700434C25 /* GBAMenuScene.m */; };
		5239FA5B1A8D6B6500434C25 /* MenuParticleRain.sks in Resources */ = {isa = PBXBuildFile; fileRef = 5239FA5A1A8D6B6500434C25 /* MenuParticleRain.sks */; };
		5239FA611A8D6B7F00434C25 /* deep-blue-sea.wav in Resources */ = {isa = PBXBuildFile; fileRef = 5239FA5C1A8D6B7F00434C25 /* deep-blue-sea.wav */; };
		5239FA631A8D6B7F00434C25 /* origami .wav in Resources */ = {isa = PBXBuildFile; fileRef = 5239FA5E1A8D6B7F00434C25 /* origami .wav */; };
		5239FA651A8D6B7F00434C25 /* Hit_Hurt34.wav in Resources */ = {isa = PBXBuildFile; fileRef = 5239FA601A8D6B7F00434C25 /* Hit_Hurt34.wav */; };
		5239FA721A8D6B9C00434C25 /* LaunchImage_Origami.png in Resources */ = {isa = PBXBuildFile; fileRef = 5239FA671A8D6B9C00434C25 /* LaunchImage_Origami.png */; };
		5239FA731A8D6B9C00434C25 /* gameOverRectangle.png in Resources */ = {isa = PBXBuildFile; fileRef = 5239FA681A8D6B9C00434C25 /* gameOverRectangle.png */; };
		5239FA741A8D6B9C00434C25 /* shakeMessage.png in Resources */ = {isa = PBXBuildFile; fileRef = 5239FA691A8D6B9C00434C25 /* shakeMessage.png */; };
		5239FA751A8D6B9C00434C25 /* GameOverImage.png in Resources */ = {isa = PBXBuildFile; fileRef = 5239FA6A1A8D6B9C00434C25 /* GameOverImage.png */; };
		5239FA771A8D6B9C00434C25 /* empty_trash-128 20-32-54-064 20-43-37-238 copia.png in Resources */ = {isa = PBXBuildFile; fileRef = 5239FA6C1A8D6B9C00434C25 /* empty_trash-128 20-32-54-064 20-43-37-238 copia.png */; };
		5239FA791A8D6B9C00434C25 /* origami-50 20-43-37-341 copia.png in Resources */ = {isa = PBXBuildFile; fileRef = 5239FA6E1A8D6B9C00434C25 /* origami-50 20-43-37-341 copia.png */; };
		5239FA7D1A8D793800434C25 /* LaunchImage6s.png in Resources */ = {isa = PBXBuildFile; fileRef = 5239FA7C1A8D793700434C25 /* LaunchImage6s.png */; };
		5239FA7F1A8D805C00434C25 /* LaunchScreen.xib in Resources */ = {isa = PBXBuildFile; fileRef = 5239FA7E1A8D805C00434C25 /* LaunchScreen.xib */; };
		52444B481AB7688800E6FD31 /* GBAInfoScene.m in Sources */ = {isa = PBXBuildFile; fileRef = 52444B471AB7688800E6FD31 /* GBAInfoScene.m */; };
		52444B4C1AB7805E00E6FD31 /* help-100.png in Resources */ = {isa = PBXBuildFile; fileRef = 52444B4B1AB7805E00E6FD31 /* help-100.png */; };
		526B6A681B3EF17100BAA4BA /* StoreKit.framework in Frameworks */ = {isa = PBXBuildFile; fileRef = 526B6A671B3EF17100BAA4BA /* StoreKit.framework */; };
		5285B9311AA3E38C00286034 /* leaderboard-104.png in Resources */ = {isa = PBXBuildFile; fileRef = 5285B9301AA3E38C00286034 /* leaderboard-104.png */; };
		5285B9331AA3EF4900286034 /* info_filled-100.png in Resources */ = {isa = PBXBuildFile; fileRef = 5285B9321AA3EF4900286034 /* info_filled-100.png */; };
		52C51B1F1B15169100EA0B4B /* Foundation.framework in Frameworks */ = {isa = PBXBuildFile; fileRef = 52C51B1E1B15169100EA0B4B /* Foundation.framework */; };
		52D053391B31D812009BEE2C /* SpriteKit.framework in Frameworks */ = {isa = PBXBuildFile; fileRef = 52D053381B31D812009BEE2C /* SpriteKit.framework */; };
		52E258371A9BF4790072F711 /* origami-48.png in Resources */ = {isa = PBXBuildFile; fileRef = 52E258361A9BF4790072F711 /* origami-48.png */; };
		52E3B5AF1B544EE6009F7765 /* shopping-cart.png in Resources */ = {isa = PBXBuildFile; fileRef = 52E3B5AE1B544EE6009F7765 /* shopping-cart.png */; };
		52E3B5B11B544F3F009F7765 /* origami-credit.png in Resources */ = {isa = PBXBuildFile; fileRef = 52E3B5B01B544F3F009F7765 /* origami-credit.png */; };
		52E3DE721B349B2C00D3860F /* share.png in Resources */ = {isa = PBXBuildFile; fileRef = 52E3DE711B349B2C00D3860F /* share.png */; };
		52E3DE741B34A17F00D3860F /* Social.framework in Frameworks */ = {isa = PBXBuildFile; fileRef = 52E3DE731B34A17F00D3860F /* Social.framework */; };
		52E3DE7C1B34F77700D3860F /* facebook_background.png in Resources */ = {isa = PBXBuildFile; fileRef = 52E3DE781B34F77700D3860F /* facebook_background.png */; };
		52E3DE7D1B34F77700D3860F /* facebook.png in Resources */ = {isa = PBXBuildFile; fileRef = 52E3DE791B34F77700D3860F /* facebook.png */; };
		52E3DE7E1B34F77700D3860F /* twitter_background.png in Resources */ = {isa = PBXBuildFile; fileRef = 52E3DE7A1B34F77700D3860F /* twitter_background.png */; };
		52E3DE7F1B34F77700D3860F /* twitter.png in Resources */ = {isa = PBXBuildFile; fileRef = 52E3DE7B1B34F77700D3860F /* twitter.png */; };
/* End PBXBuildFile section */

/* Begin PBXContainerItemProxy section */
		5239FA411A8D6AA000434C25 /* PBXContainerItemProxy */ = {
			isa = PBXContainerItemProxy;
			containerPortal = 5239FA1A1A8D6AA000434C25 /* Project object */;
			proxyType = 1;
			remoteGlobalIDString = 5239FA211A8D6AA000434C25;
			remoteInfo = "Origami Game";
		};
/* End PBXContainerItemProxy section */

/* Begin PBXFileReference section */
		4E4308761BFB340900291ED1 /* GoogleMobileAds.framework */ = {isa = PBXFileReference; lastKnownFileType = wrapper.framework; path = GoogleMobileAds.framework; sourceTree = "<group>"; };
		4E4308781BFB388C00291ED1 /* AdSupport.framework */ = {isa = PBXFileReference; lastKnownFileType = wrapper.framework; name = AdSupport.framework; path = System/Library/Frameworks/AdSupport.framework; sourceTree = SDKROOT; };
		4E4308791BFB388C00291ED1 /* AudioToolbox.framework */ = {isa = PBXFileReference; lastKnownFileType = wrapper.framework; name = AudioToolbox.framework; path = System/Library/Frameworks/AudioToolbox.framework; sourceTree = SDKROOT; };
		4E43087A1BFB388C00291ED1 /* AVFoundation.framework */ = {isa = PBXFileReference; lastKnownFileType = wrapper.framework; name = AVFoundation.framework; path = System/Library/Frameworks/AVFoundation.framework; sourceTree = SDKROOT; };
		4E43087B1BFB388C00291ED1 /* CoreGraphics.framework */ = {isa = PBXFileReference; lastKnownFileType = wrapper.framework; name = CoreGraphics.framework; path = System/Library/Frameworks/CoreGraphics.framework; sourceTree = SDKROOT; };
		4E43087C1BFB388C00291ED1 /* CoreMedia.framework */ = {isa = PBXFileReference; lastKnownFileType = wrapper.framework; name = CoreMedia.framework; path = System/Library/Frameworks/CoreMedia.framework; sourceTree = SDKROOT; };
		4E43087D1BFB388C00291ED1 /* CoreTelephony.framework */ = {isa = PBXFileReference; lastKnownFileType = wrapper.framework; name = CoreTelephony.framework; path = System/Library/Frameworks/CoreTelephony.framework; sourceTree = SDKROOT; };
		4E43087E1BFB388C00291ED1 /* EventKit.framework */ = {isa = PBXFileReference; lastKnownFileType = wrapper.framework; name = EventKit.framework; path = System/Library/Frameworks/EventKit.framework; sourceTree = SDKROOT; };
		4E43087F1BFB388C00291ED1 /* EventKitUI.framework */ = {isa = PBXFileReference; lastKnownFileType = wrapper.framework; name = EventKitUI.framework; path = System/Library/Frameworks/EventKitUI.framework; sourceTree = SDKROOT; };
		4E4308801BFB388C00291ED1 /* MessageUI.framework */ = {isa = PBXFileReference; lastKnownFileType = wrapper.framework; name = MessageUI.framework; path = System/Library/Frameworks/MessageUI.framework; sourceTree = SDKROOT; };
		4E4308811BFB388C00291ED1 /* SystemConfiguration.framework */ = {isa = PBXFileReference; lastKnownFileType = wrapper.framework; name = SystemConfiguration.framework; path = System/Library/Frameworks/SystemConfiguration.framework; sourceTree = SDKROOT; };
		4E43088C1BFB3FE200291ED1 /* UIKit.framework */ = {isa = PBXFileReference; lastKnownFileType = wrapper.framework; name = UIKit.framework; path = System/Library/Frameworks/UIKit.framework; sourceTree = SDKROOT; };
		4E43088E1BFB3FE900291ED1 /* QuartzCore.framework */ = {isa = PBXFileReference; lastKnownFileType = wrapper.framework; name = QuartzCore.framework; path = System/Library/Frameworks/QuartzCore.framework; sourceTree = SDKROOT; };
		4E4308901BFB457600291ED1 /* TAPPX.framework */ = {isa = PBXFileReference; lastKnownFileType = wrapper.framework; name = TAPPX.framework; path = "../../Downloads/iOS-Tappx-SDK/SDK_Tappx_64_bits/TAPPX.framework"; sourceTree = "<group>"; };
		4E453BA61B63F12600E8E944 /* back.png */ = {isa = PBXFileReference; lastKnownFileType = image.png; path = back.png; sourceTree = "<group>"; };
		4E453BA81B64166B00E8E944 /* boulder.ttf */ = {isa = PBXFileReference; lastKnownFileType = file; path = boulder.ttf; sourceTree = "<group>"; };
		4E4BA9831BBD925800A17562 /* save-me-cost.png */ = {isa = PBXFileReference; lastKnownFileType = image.png; path = "save-me-cost.png"; sourceTree = "<group>"; };
		4E500D261BEAD50A00489161 /* binSound_1.mp3 */ = {isa = PBXFileReference; lastKnownFileType = audio.mp3; path = binSound_1.mp3; sourceTree = "<group>"; };
		4E500D271BEAD50A00489161 /* binSound_2.mp3 */ = {isa = PBXFileReference; lastKnownFileType = audio.mp3; path = binSound_2.mp3; sourceTree = "<group>"; };
		4E500D281BEAD50A00489161 /* binSound_3.mp3 */ = {isa = PBXFileReference; lastKnownFileType = audio.mp3; path = binSound_3.mp3; sourceTree = "<group>"; };
		4E500D291BEAD50A00489161 /* binSound_4.mp3 */ = {isa = PBXFileReference; lastKnownFileType = audio.mp3; path = binSound_4.mp3; sourceTree = "<group>"; };
		4E500D2A1BEAD50A00489161 /* binSound_5.mp3 */ = {isa = PBXFileReference; lastKnownFileType = audio.mp3; path = binSound_5.mp3; sourceTree = "<group>"; };
		4E52E87F1B7ACA7C00D8A846 /* rounded-rectangle.png */ = {isa = PBXFileReference; lastKnownFileType = image.png; path = "rounded-rectangle.png"; sourceTree = "<group>"; };
		4E9577821BED582500E1E0B2 /* coin10.wav */ = {isa = PBXFileReference; lastKnownFileType = audio.wav; path = coin10.wav; sourceTree = "<group>"; };
		4E9577861BED6EB500E1E0B2 /* menuBGMusic.mp3 */ = {isa = PBXFileReference; lastKnownFileType = audio.mp3; path = menuBGMusic.mp3; sourceTree = "<group>"; };
		4E95778A1BED719400E1E0B2 /* gameMusic.mp3 */ = {isa = PBXFileReference; lastKnownFileType = audio.mp3; path = gameMusic.mp3; sourceTree = "<group>"; };
		4EAD3BB71B82702F000EB10B /* GBAStoreScene.h */ = {isa = PBXFileReference; fileEncoding = 4; lastKnownFileType = sourcecode.c.h; name = GBAStoreScene.h; path = ../GBAStoreScene.h; sourceTree = "<group>"; };
		4EAD3BB81B82702F000EB10B /* GBAStoreScene.m */ = {isa = PBXFileReference; fileEncoding = 4; lastKnownFileType = sourcecode.c.objc; name = GBAStoreScene.m; path = ../GBAStoreScene.m; sourceTree = "<group>"; };
		4EC0FDDF1B7ACD8100E83B99 /* amount_of_coins.png */ = {isa = PBXFileReference; lastKnownFileType = image.png; path = amount_of_coins.png; sourceTree = "<group>"; };
		4ED8E95E1BBD95DA00828790 /* save-me-frame.png */ = {isa = PBXFileReference; lastKnownFileType = image.png; path = "save-me-frame.png"; sourceTree = "<group>"; };
		4EE9E9991B8E079B0026899B /* KeepCalm-Medium.ttf */ = {isa = PBXFileReference; lastKnownFileType = file; path = "KeepCalm-Medium.ttf"; sourceTree = "<group>"; };
		4EE9E99B1B8E0B760026899B /* GBACoinScene.h */ = {isa = PBXFileReference; fileEncoding = 4; lastKnownFileType = sourcecode.c.h; path = GBACoinScene.h; sourceTree = "<group>"; };
		4EE9E99C1B8E0B760026899B /* GBACoinScene.m */ = {isa = PBXFileReference; fileEncoding = 4; lastKnownFileType = sourcecode.c.objc; path = GBACoinScene.m; sourceTree = "<group>"; };
		4EED7F8E1B71117000534B61 /* game_sans_serif_7.ttf */ = {isa = PBXFileReference; lastKnownFileType = file; path = game_sans_serif_7.ttf; sourceTree = "<group>"; };
		4EED7F8F1B71248300534B61 /* playtime.otf */ = {isa = PBXFileReference; lastKnownFileType = file; path = playtime.otf; sourceTree = "<group>"; };
		5227AB5A1B7B70390060502F /* origamiTitle.png */ = {isa = PBXFileReference; lastKnownFileType = image.png; path = origamiTitle.png; sourceTree = "<group>"; };
		5227AB5D1B7B72100060502F /* play.png */ = {isa = PBXFileReference; lastKnownFileType = image.png; path = play.png; sourceTree = "<group>"; };
		5227AB5F1B7B73A40060502F /* info-screen.png */ = {isa = PBXFileReference; lastKnownFileType = image.png; path = "info-screen.png"; sourceTree = "<group>"; };
		5239FA221A8D6AA000434C25 /* Origami Game.app */ = {isa = PBXFileReference; explicitFileType = wrapper.application; includeInIndex = 0; path = "Origami Game.app"; sourceTree = BUILT_PRODUCTS_DIR; };
		5239FA261A8D6AA000434C25 /* Info.plist */ = {isa = PBXFileReference; lastKnownFileType = text.plist.xml; path = Info.plist; sourceTree = "<group>"; };
		5239FA271A8D6AA000434C25 /* main.m */ = {isa = PBXFileReference; lastKnownFileType = sourcecode.c.objc; path = main.m; sourceTree = "<group>"; };
		5239FA291A8D6AA000434C25 /* AppDelegate.h */ = {isa = PBXFileReference; lastKnownFileType = sourcecode.c.h; path = AppDelegate.h; sourceTree = "<group>"; };
		5239FA2A1A8D6AA000434C25 /* AppDelegate.m */ = {isa = PBXFileReference; lastKnownFileType = sourcecode.c.objc; path = AppDelegate.m; sourceTree = "<group>"; };
		5239FA2C1A8D6AA000434C25 /* GBAGameScene.h */ = {isa = PBXFileReference; lastKnownFileType = sourcecode.c.h; path = GBAGameScene.h; sourceTree = "<group>"; };
		5239FA2D1A8D6AA000434C25 /* GBAGameScene.m */ = {isa = PBXFileReference; lastKnownFileType = sourcecode.c.objc; path = GBAGameScene.m; sourceTree = "<group>"; };
		5239FA311A8D6AA000434C25 /* GBAViewController.h */ = {isa = PBXFileReference; lastKnownFileType = sourcecode.c.h; path = GBAViewController.h; sourceTree = "<group>"; };
		5239FA321A8D6AA000434C25 /* GBAViewController.m */ = {isa = PBXFileReference; lastKnownFileType = sourcecode.c.objc; path = GBAViewController.m; sourceTree = "<group>"; };
		5239FA351A8D6AA000434C25 /* Base */ = {isa = PBXFileReference; lastKnownFileType = file.storyboard; name = Base; path = Base.lproj/Main.storyboard; sourceTree = "<group>"; };
		5239FA371A8D6AA000434C25 /* Images.xcassets */ = {isa = PBXFileReference; lastKnownFileType = folder.assetcatalog; path = Images.xcassets; sourceTree = "<group>"; };
		5239FA401A8D6AA000434C25 /* Origami GameTests.xctest */ = {isa = PBXFileReference; explicitFileType = wrapper.cfbundle; includeInIndex = 0; path = "Origami GameTests.xctest"; sourceTree = BUILT_PRODUCTS_DIR; };
		5239FA451A8D6AA000434C25 /* Info.plist */ = {isa = PBXFileReference; lastKnownFileType = text.plist.xml; path = Info.plist; sourceTree = "<group>"; };
		5239FA461A8D6AA000434C25 /* Origami_GameTests.m */ = {isa = PBXFileReference; lastKnownFileType = sourcecode.c.objc; path = Origami_GameTests.m; sourceTree = "<group>"; };
		5239FA501A8D6B3600434C25 /* iAd.framework */ = {isa = PBXFileReference; lastKnownFileType = wrapper.framework; name = iAd.framework; path = System/Library/Frameworks/iAd.framework; sourceTree = SDKROOT; };
		5239FA521A8D6B3B00434C25 /* GameKit.framework */ = {isa = PBXFileReference; lastKnownFileType = wrapper.framework; name = GameKit.framework; path = System/Library/Frameworks/GameKit.framework; sourceTree = SDKROOT; };
		5239FA541A8D6B4D00434C25 /* GameState.h */ = {isa = PBXFileReference; fileEncoding = 4; lastKnownFileType = sourcecode.c.h; path = GameState.h; sourceTree = "<group>"; };
		5239FA551A8D6B4D00434C25 /* GameState.m */ = {isa = PBXFileReference; fileEncoding = 4; lastKnownFileType = sourcecode.c.objc; path = GameState.m; sourceTree = "<group>"; };
		5239FA571A8D6B5700434C25 /* GBAMenuScene.h */ = {isa = PBXFileReference; fileEncoding = 4; lastKnownFileType = sourcecode.c.h; path = GBAMenuScene.h; sourceTree = "<group>"; };
		5239FA581A8D6B5700434C25 /* GBAMenuScene.m */ = {isa = PBXFileReference; fileEncoding = 4; lastKnownFileType = sourcecode.c.objc; path = GBAMenuScene.m; sourceTree = "<group>"; };
		5239FA5A1A8D6B6500434C25 /* MenuParticleRain.sks */ = {isa = PBXFileReference; lastKnownFileType = file.sks; path = MenuParticleRain.sks; sourceTree = "<group>"; };
		5239FA5C1A8D6B7F00434C25 /* deep-blue-sea.wav */ = {isa = PBXFileReference; lastKnownFileType = audio.wav; path = "deep-blue-sea.wav"; sourceTree = "<group>"; };
		5239FA5E1A8D6B7F00434C25 /* origami .wav */ = {isa = PBXFileReference; lastKnownFileType = audio.wav; path = "origami .wav"; sourceTree = "<group>"; };
		5239FA601A8D6B7F00434C25 /* Hit_Hurt34.wav */ = {isa = PBXFileReference; lastKnownFileType = audio.wav; path = Hit_Hurt34.wav; sourceTree = "<group>"; };
		5239FA671A8D6B9C00434C25 /* LaunchImage_Origami.png */ = {isa = PBXFileReference; lastKnownFileType = image.png; path = LaunchImage_Origami.png; sourceTree = "<group>"; };
		5239FA681A8D6B9C00434C25 /* gameOverRectangle.png */ = {isa = PBXFileReference; lastKnownFileType = image.png; path = gameOverRectangle.png; sourceTree = "<group>"; };
		5239FA691A8D6B9C00434C25 /* shakeMessage.png */ = {isa = PBXFileReference; lastKnownFileType = image.png; path = shakeMessage.png; sourceTree = "<group>"; };
		5239FA6A1A8D6B9C00434C25 /* GameOverImage.png */ = {isa = PBXFileReference; lastKnownFileType = image.png; path = GameOverImage.png; sourceTree = "<group>"; };
		5239FA6C1A8D6B9C00434C25 /* empty_trash-128 20-32-54-064 20-43-37-238 copia.png */ = {isa = PBXFileReference; lastKnownFileType = image.png; path = "empty_trash-128 20-32-54-064 20-43-37-238 copia.png"; sourceTree = "<group>"; };
		5239FA6E1A8D6B9C00434C25 /* origami-50 20-43-37-341 copia.png */ = {isa = PBXFileReference; lastKnownFileType = image.png; path = "origami-50 20-43-37-341 copia.png"; sourceTree = "<group>"; };
		5239FA7C1A8D793700434C25 /* LaunchImage6s.png */ = {isa = PBXFileReference; lastKnownFileType = image.png; path = LaunchImage6s.png; sourceTree = "<group>"; };
		5239FA7E1A8D805C00434C25 /* LaunchScreen.xib */ = {isa = PBXFileReference; fileEncoding = 4; lastKnownFileType = file.xib; path = LaunchScreen.xib; sourceTree = "<group>"; };
		52444B461AB7688800E6FD31 /* GBAInfoScene.h */ = {isa = PBXFileReference; fileEncoding = 4; lastKnownFileType = sourcecode.c.h; path = GBAInfoScene.h; sourceTree = "<group>"; };
		52444B471AB7688800E6FD31 /* GBAInfoScene.m */ = {isa = PBXFileReference; fileEncoding = 4; lastKnownFileType = sourcecode.c.objc; path = GBAInfoScene.m; sourceTree = "<group>"; };
		52444B4B1AB7805E00E6FD31 /* help-100.png */ = {isa = PBXFileReference; lastKnownFileType = image.png; path = "help-100.png"; sourceTree = "<group>"; };
		526B6A671B3EF17100BAA4BA /* StoreKit.framework */ = {isa = PBXFileReference; lastKnownFileType = wrapper.framework; name = StoreKit.framework; path = System/Library/Frameworks/StoreKit.framework; sourceTree = SDKROOT; };
		5285B9301AA3E38C00286034 /* leaderboard-104.png */ = {isa = PBXFileReference; lastKnownFileType = image.png; path = "leaderboard-104.png"; sourceTree = "<group>"; };
		5285B9321AA3EF4900286034 /* info_filled-100.png */ = {isa = PBXFileReference; lastKnownFileType = image.png; path = "info_filled-100.png"; sourceTree = "<group>"; };
		52C51B1E1B15169100EA0B4B /* Foundation.framework */ = {isa = PBXFileReference; lastKnownFileType = wrapper.framework; name = Foundation.framework; path = System/Library/Frameworks/Foundation.framework; sourceTree = SDKROOT; };
		52D053381B31D812009BEE2C /* SpriteKit.framework */ = {isa = PBXFileReference; lastKnownFileType = wrapper.framework; name = SpriteKit.framework; path = System/Library/Frameworks/SpriteKit.framework; sourceTree = SDKROOT; };
		52E258361A9BF4790072F711 /* origami-48.png */ = {isa = PBXFileReference; lastKnownFileType = image.png; path = "origami-48.png"; sourceTree = "<group>"; };
		52E3B5AE1B544EE6009F7765 /* shopping-cart.png */ = {isa = PBXFileReference; lastKnownFileType = image.png; path = "shopping-cart.png"; sourceTree = "<group>"; };
		52E3B5B01B544F3F009F7765 /* origami-credit.png */ = {isa = PBXFileReference; lastKnownFileType = image.png; path = "origami-credit.png"; sourceTree = "<group>"; };
		52E3DE711B349B2C00D3860F /* share.png */ = {isa = PBXFileReference; lastKnownFileType = image.png; path = share.png; sourceTree = "<group>"; };
		52E3DE731B34A17F00D3860F /* Social.framework */ = {isa = PBXFileReference; lastKnownFileType = wrapper.framework; name = Social.framework; path = System/Library/Frameworks/Social.framework; sourceTree = SDKROOT; };
		52E3DE781B34F77700D3860F /* facebook_background.png */ = {isa = PBXFileReference; lastKnownFileType = image.png; path = facebook_background.png; sourceTree = "<group>"; };
		52E3DE791B34F77700D3860F /* facebook.png */ = {isa = PBXFileReference; lastKnownFileType = image.png; path = facebook.png; sourceTree = "<group>"; };
		52E3DE7A1B34F77700D3860F /* twitter_background.png */ = {isa = PBXFileReference; lastKnownFileType = image.png; path = twitter_background.png; sourceTree = "<group>"; };
		52E3DE7B1B34F77700D3860F /* twitter.png */ = {isa = PBXFileReference; lastKnownFileType = image.png; path = twitter.png; sourceTree = "<group>"; };
/* End PBXFileReference section */

/* Begin PBXFrameworksBuildPhase section */
		5239FA1F1A8D6AA000434C25 /* Frameworks */ = {
			isa = PBXFrameworksBuildPhase;
			buildActionMask = 2147483647;
			files = (
				4E4308931BFBDBE300291ED1 /* TAPPX.framework in Frameworks */,
				4E43088F1BFB3FE900291ED1 /* QuartzCore.framework in Frameworks */,
				4E43088D1BFB3FE200291ED1 /* UIKit.framework in Frameworks */,
				4E4308821BFB388C00291ED1 /* AdSupport.framework in Frameworks */,
				4E4308831BFB388C00291ED1 /* AudioToolbox.framework in Frameworks */,
				4E4308841BFB388C00291ED1 /* AVFoundation.framework in Frameworks */,
				4E4308851BFB388C00291ED1 /* CoreGraphics.framework in Frameworks */,
				4E4308861BFB388C00291ED1 /* CoreMedia.framework in Frameworks */,
				4E4308871BFB388C00291ED1 /* CoreTelephony.framework in Frameworks */,
				4E4308881BFB388C00291ED1 /* EventKit.framework in Frameworks */,
				4E4308891BFB388C00291ED1 /* EventKitUI.framework in Frameworks */,
				4E43088A1BFB388C00291ED1 /* MessageUI.framework in Frameworks */,
				4E43088B1BFB388C00291ED1 /* SystemConfiguration.framework in Frameworks */,
				526B6A681B3EF17100BAA4BA /* StoreKit.framework in Frameworks */,
				52E3DE741B34A17F00D3860F /* Social.framework in Frameworks */,
				52D053391B31D812009BEE2C /* SpriteKit.framework in Frameworks */,
				52C51B1F1B15169100EA0B4B /* Foundation.framework in Frameworks */,
				5239FA511A8D6B3600434C25 /* iAd.framework in Frameworks */,
				4E4308771BFB340900291ED1 /* GoogleMobileAds.framework in Frameworks */,
				5239FA531A8D6B3B00434C25 /* GameKit.framework in Frameworks */,
			);
			runOnlyForDeploymentPostprocessing = 0;
		};
		5239FA3D1A8D6AA000434C25 /* Frameworks */ = {
			isa = PBXFrameworksBuildPhase;
			buildActionMask = 2147483647;
			files = (
			);
			runOnlyForDeploymentPostprocessing = 0;
		};
/* End PBXFrameworksBuildPhase section */

/* Begin PBXGroup section */
		4E500D1B1BEACFDD00489161 /* Sounds */ = {
			isa = PBXGroup;
			children = (
				4E9577821BED582500E1E0B2 /* coin10.wav */,
				5239FA5C1A8D6B7F00434C25 /* deep-blue-sea.wav */,
				4E9577861BED6EB500E1E0B2 /* menuBGMusic.mp3 */,
				5239FA5E1A8D6B7F00434C25 /* origami .wav */,
				5239FA601A8D6B7F00434C25 /* Hit_Hurt34.wav */,
				4E95778A1BED719400E1E0B2 /* gameMusic.mp3 */,
				4E500D261BEAD50A00489161 /* binSound_1.mp3 */,
				4E500D271BEAD50A00489161 /* binSound_2.mp3 */,
				4E500D281BEAD50A00489161 /* binSound_3.mp3 */,
				4E500D291BEAD50A00489161 /* binSound_4.mp3 */,
				4E500D2A1BEAD50A00489161 /* binSound_5.mp3 */,
			);
			name = Sounds;
			sourceTree = "<group>";
		};
		4E52E87B1B7AC78100D8A846 /* Fonts */ = {
			isa = PBXGroup;
			children = (
				4EE9E9991B8E079B0026899B /* KeepCalm-Medium.ttf */,
				4EED7F8E1B71117000534B61 /* game_sans_serif_7.ttf */,
				4EED7F8F1B71248300534B61 /* playtime.otf */,
				4E453BA81B64166B00E8E944 /* boulder.ttf */,
			);
			name = Fonts;
			sourceTree = "<group>";
		};
		5239FA191A8D6AA000434C25 = {
			isa = PBXGroup;
			children = (
				4E4308901BFB457600291ED1 /* TAPPX.framework */,
				4E43088E1BFB3FE900291ED1 /* QuartzCore.framework */,
				4E43088C1BFB3FE200291ED1 /* UIKit.framework */,
				4E4308781BFB388C00291ED1 /* AdSupport.framework */,
				4E4308791BFB388C00291ED1 /* AudioToolbox.framework */,
				4E43087A1BFB388C00291ED1 /* AVFoundation.framework */,
				4E43087B1BFB388C00291ED1 /* CoreGraphics.framework */,
				4E43087C1BFB388C00291ED1 /* CoreMedia.framework */,
				4E43087D1BFB388C00291ED1 /* CoreTelephony.framework */,
				4E43087E1BFB388C00291ED1 /* EventKit.framework */,
				4E43087F1BFB388C00291ED1 /* EventKitUI.framework */,
				4E4308801BFB388C00291ED1 /* MessageUI.framework */,
				4E4308811BFB388C00291ED1 /* SystemConfiguration.framework */,
				4E4308761BFB340900291ED1 /* GoogleMobileAds.framework */,
				526B6A671B3EF17100BAA4BA /* StoreKit.framework */,
				52E3DE731B34A17F00D3860F /* Social.framework */,
				52D053381B31D812009BEE2C /* SpriteKit.framework */,
				52C51B1E1B15169100EA0B4B /* Foundation.framework */,
				5239FA521A8D6B3B00434C25 /* GameKit.framework */,
				5239FA501A8D6B3600434C25 /* iAd.framework */,
				5239FA241A8D6AA000434C25 /* Origami Game */,
				5239FA431A8D6AA000434C25 /* Origami GameTests */,
				5239FA231A8D6AA000434C25 /* Products */,
			);
			sourceTree = "<group>";
		};
		5239FA231A8D6AA000434C25 /* Products */ = {
			isa = PBXGroup;
			children = (
				5239FA221A8D6AA000434C25 /* Origami Game.app */,
				5239FA401A8D6AA000434C25 /* Origami GameTests.xctest */,
			);
			name = Products;
			sourceTree = "<group>";
		};
		5239FA241A8D6AA000434C25 /* Origami Game */ = {
			isa = PBXGroup;
			children = (
				5239FA291A8D6AA000434C25 /* AppDelegate.h */,
				5239FA2A1A8D6AA000434C25 /* AppDelegate.m */,
				5239FA541A8D6B4D00434C25 /* GameState.h */,
				5239FA551A8D6B4D00434C25 /* GameState.m */,
				5239FA311A8D6AA000434C25 /* GBAViewController.h */,
				5239FA321A8D6AA000434C25 /* GBAViewController.m */,
				5239FA571A8D6B5700434C25 /* GBAMenuScene.h */,
				5239FA581A8D6B5700434C25 /* GBAMenuScene.m */,
				52444B461AB7688800E6FD31 /* GBAInfoScene.h */,
				52444B471AB7688800E6FD31 /* GBAInfoScene.m */,
				5239FA2C1A8D6AA000434C25 /* GBAGameScene.h */,
				5239FA2D1A8D6AA000434C25 /* GBAGameScene.m */,
				4EAD3BB71B82702F000EB10B /* GBAStoreScene.h */,
				4EAD3BB81B82702F000EB10B /* GBAStoreScene.m */,
				4EE9E99B1B8E0B760026899B /* GBACoinScene.h */,
				4EE9E99C1B8E0B760026899B /* GBACoinScene.m */,
				5239FA5A1A8D6B6500434C25 /* MenuParticleRain.sks */,
				5239FA341A8D6AA000434C25 /* Main.storyboard */,
				5239FA7E1A8D805C00434C25 /* LaunchScreen.xib */,
				5239FA371A8D6AA000434C25 /* Images.xcassets */,
				5239FA251A8D6AA000434C25 /* Supporting Files */,
			);
			path = "Origami Game";
			sourceTree = "<group>";
		};
		5239FA251A8D6AA000434C25 /* Supporting Files */ = {
			isa = PBXGroup;
			children = (
				4E500D1B1BEACFDD00489161 /* Sounds */,
				4E52E87B1B7AC78100D8A846 /* Fonts */,
				4E453BA61B63F12600E8E944 /* back.png */,
				4E52E87F1B7ACA7C00D8A846 /* rounded-rectangle.png */,
				52E3B5B01B544F3F009F7765 /* origami-credit.png */,
				4EC0FDDF1B7ACD8100E83B99 /* amount_of_coins.png */,
				52E3B5AE1B544EE6009F7765 /* shopping-cart.png */,
				52E3DE781B34F77700D3860F /* facebook_background.png */,
				5227AB5F1B7B73A40060502F /* info-screen.png */,
				52E3DE791B34F77700D3860F /* facebook.png */,
				52E3DE7A1B34F77700D3860F /* twitter_background.png */,
				52E3DE7B1B34F77700D3860F /* twitter.png */,
				5227AB5A1B7B70390060502F /* origamiTitle.png */,
				4ED8E95E1BBD95DA00828790 /* save-me-frame.png */,
				52444B4B1AB7805E00E6FD31 /* help-100.png */,
				5285B9301AA3E38C00286034 /* leaderboard-104.png */,
				52E3DE711B349B2C00D3860F /* share.png */,
				5285B9321AA3EF4900286034 /* info_filled-100.png */,
				52E258361A9BF4790072F711 /* origami-48.png */,
				4E4BA9831BBD925800A17562 /* save-me-cost.png */,
				5239FA671A8D6B9C00434C25 /* LaunchImage_Origami.png */,
				5239FA7C1A8D793700434C25 /* LaunchImage6s.png */,
				5239FA681A8D6B9C00434C25 /* gameOverRectangle.png */,
				5239FA691A8D6B9C00434C25 /* shakeMessage.png */,
				5239FA6A1A8D6B9C00434C25 /* GameOverImage.png */,
				5239FA6C1A8D6B9C00434C25 /* empty_trash-128 20-32-54-064 20-43-37-238 copia.png */,
				5239FA6E1A8D6B9C00434C25 /* origami-50 20-43-37-341 copia.png */,
				5227AB5D1B7B72100060502F /* play.png */,
				5239FA261A8D6AA000434C25 /* Info.plist */,
				5239FA271A8D6AA000434C25 /* main.m */,
			);
			name = "Supporting Files";
			sourceTree = "<group>";
		};
		5239FA431A8D6AA000434C25 /* Origami GameTests */ = {
			isa = PBXGroup;
			children = (
				5239FA461A8D6AA000434C25 /* Origami_GameTests.m */,
				5239FA441A8D6AA000434C25 /* Supporting Files */,
			);
			path = "Origami GameTests";
			sourceTree = "<group>";
		};
		5239FA441A8D6AA000434C25 /* Supporting Files */ = {
			isa = PBXGroup;
			children = (
				5239FA451A8D6AA000434C25 /* Info.plist */,
			);
			name = "Supporting Files";
			sourceTree = "<group>";
		};
/* End PBXGroup section */

/* Begin PBXNativeTarget section */
		5239FA211A8D6AA000434C25 /* Origami Game */ = {
			isa = PBXNativeTarget;
			buildConfigurationList = 5239FA4A1A8D6AA000434C25 /* Build configuration list for PBXNativeTarget "Origami Game" */;
			buildPhases = (
				5239FA1E1A8D6AA000434C25 /* Sources */,
				5239FA1F1A8D6AA000434C25 /* Frameworks */,
				5239FA201A8D6AA000434C25 /* Resources */,
			);
			buildRules = (
			);
			dependencies = (
			);
			name = "Origami Game";
			productName = "Origami Game";
			productReference = 5239FA221A8D6AA000434C25 /* Origami Game.app */;
			productType = "com.apple.product-type.application";
		};
		5239FA3F1A8D6AA000434C25 /* Origami GameTests */ = {
			isa = PBXNativeTarget;
			buildConfigurationList = 5239FA4D1A8D6AA000434C25 /* Build configuration list for PBXNativeTarget "Origami GameTests" */;
			buildPhases = (
				5239FA3C1A8D6AA000434C25 /* Sources */,
				5239FA3D1A8D6AA000434C25 /* Frameworks */,
				5239FA3E1A8D6AA000434C25 /* Resources */,
			);
			buildRules = (
			);
			dependencies = (
				5239FA421A8D6AA000434C25 /* PBXTargetDependency */,
			);
			name = "Origami GameTests";
			productName = "Origami GameTests";
			productReference = 5239FA401A8D6AA000434C25 /* Origami GameTests.xctest */;
			productType = "com.apple.product-type.bundle.unit-test";
		};
/* End PBXNativeTarget section */

/* Begin PBXProject section */
		5239FA1A1A8D6AA000434C25 /* Project object */ = {
			isa = PBXProject;
			attributes = {
				LastUpgradeCheck = 0700;
				ORGANIZATIONNAME = "Facundo Schiavoni";
				TargetAttributes = {
					5239FA211A8D6AA000434C25 = {
						CreatedOnToolsVersion = 6.1.1;
						DevelopmentTeam = EP39PH3G3L;
						SystemCapabilities = {
							com.apple.GameCenter = {
								enabled = 1;
							};
						};
					};
					5239FA3F1A8D6AA000434C25 = {
						CreatedOnToolsVersion = 6.1.1;
						TestTargetID = 5239FA211A8D6AA000434C25;
					};
				};
			};
			buildConfigurationList = 5239FA1D1A8D6AA000434C25 /* Build configuration list for PBXProject "Origami Game" */;
			compatibilityVersion = "Xcode 3.2";
			developmentRegion = English;
			hasScannedForEncodings = 0;
			knownRegions = (
				en,
				Base,
			);
			mainGroup = 5239FA191A8D6AA000434C25;
			productRefGroup = 5239FA231A8D6AA000434C25 /* Products */;
			projectDirPath = "";
			projectRoot = "";
			targets = (
				5239FA211A8D6AA000434C25 /* Origami Game */,
				5239FA3F1A8D6AA000434C25 /* Origami GameTests */,
			);
		};
/* End PBXProject section */

/* Begin PBXResourcesBuildPhase section */
		5239FA201A8D6AA000434C25 /* Resources */ = {
			isa = PBXResourcesBuildPhase;
			buildActionMask = 2147483647;
			files = (
				5239FA791A8D6B9C00434C25 /* origami-50 20-43-37-341 copia.png in Resources */,
				5227AB5E1B7B72100060502F /* play.png in Resources */,
				4E52E87E1B7AC80A00D8A846 /* playtime.otf in Resources */,
				52E3B5AF1B544EE6009F7765 /* shopping-cart.png in Resources */,
				5239FA7D1A8D793800434C25 /* LaunchImage6s.png in Resources */,
				52E3B5B11B544F3F009F7765 /* origami-credit.png in Resources */,
				5285B9331AA3EF4900286034 /* info_filled-100.png in Resources */,
				4EE9E99A1B8E07E90026899B /* KeepCalm-Medium.ttf in Resources */,
				4E9577831BED582500E1E0B2 /* coin10.wav in Resources */,
				5239FA651A8D6B7F00434C25 /* Hit_Hurt34.wav in Resources */,
				5239FA771A8D6B9C00434C25 /* empty_trash-128 20-32-54-064 20-43-37-238 copia.png in Resources */,
				5239FA751A8D6B9C00434C25 /* GameOverImage.png in Resources */,
				4E500D2D1BEAD50A00489161 /* binSound_3.mp3 in Resources */,
				5239FA381A8D6AA000434C25 /* Images.xcassets in Resources */,
				5239FA721A8D6B9C00434C25 /* LaunchImage_Origami.png in Resources */,
				52E3DE7C1B34F77700D3860F /* facebook_background.png in Resources */,
				5239FA7F1A8D805C00434C25 /* LaunchScreen.xib in Resources */,
				4E500D2C1BEAD50A00489161 /* binSound_2.mp3 in Resources */,
				4E52E8801B7ACA7C00D8A846 /* rounded-rectangle.png in Resources */,
				4E500D2F1BEAD50A00489161 /* binSound_5.mp3 in Resources */,
				5227AB5C1B7B70390060502F /* origamiTitle.png in Resources */,
				5239FA631A8D6B7F00434C25 /* origami .wav in Resources */,
				4EC0FDE01B7ACD8100E83B99 /* amount_of_coins.png in Resources */,
				5239FA731A8D6B9C00434C25 /* gameOverRectangle.png in Resources */,
				4ED8E95F1BBD95DA00828790 /* save-me-frame.png in Resources */,
				4E500D2E1BEAD50A00489161 /* binSound_4.mp3 in Resources */,
				52E3DE7E1B34F77700D3860F /* twitter_background.png in Resources */,
				5239FA5B1A8D6B6500434C25 /* MenuParticleRain.sks in Resources */,
				4E95778B1BED719400E1E0B2 /* gameMusic.mp3 in Resources */,
				5239FA741A8D6B9C00434C25 /* shakeMessage.png in Resources */,
				4E4BA9841BBD925800A17562 /* save-me-cost.png in Resources */,
				4E52E87D1B7AC7FF00D8A846 /* boulder.ttf in Resources */,
				4E453BA71B63F12600E8E944 /* back.png in Resources */,
				52E3DE7D1B34F77700D3860F /* facebook.png in Resources */,
				5239FA361A8D6AA000434C25 /* Main.storyboard in Resources */,
				4E500D2B1BEAD50A00489161 /* binSound_1.mp3 in Resources */,
				52E3DE721B349B2C00D3860F /* share.png in Resources */,
				4E52E87C1B7AC7FC00D8A846 /* game_sans_serif_7.ttf in Resources */,
				5285B9311AA3E38C00286034 /* leaderboard-104.png in Resources */,
				52E258371A9BF4790072F711 /* origami-48.png in Resources */,
				52E3DE7F1B34F77700D3860F /* twitter.png in Resources */,
				4E9577871BED6EB500E1E0B2 /* menuBGMusic.mp3 in Resources */,
				52444B4C1AB7805E00E6FD31 /* help-100.png in Resources */,
				5239FA611A8D6B7F00434C25 /* deep-blue-sea.wav in Resources */,
				5227AB601B7B73A40060502F /* info-screen.png in Resources */,
			);
			runOnlyForDeploymentPostprocessing = 0;
		};
		5239FA3E1A8D6AA000434C25 /* Resources */ = {
			isa = PBXResourcesBuildPhase;
			buildActionMask = 2147483647;
			files = (
			);
			runOnlyForDeploymentPostprocessing = 0;
		};
/* End PBXResourcesBuildPhase section */

/* Begin PBXSourcesBuildPhase section */
		5239FA1E1A8D6AA000434C25 /* Sources */ = {
			isa = PBXSourcesBuildPhase;
			buildActionMask = 2147483647;
			files = (
				52444B481AB7688800E6FD31 /* GBAInfoScene.m in Sources */,
				5239FA331A8D6AA000434C25 /* GBAViewController.m in Sources */,
				5239FA2B1A8D6AA000434C25 /* AppDelegate.m in Sources */,
				4EE9E99D1B8E0B760026899B /* GBACoinScene.m in Sources */,
				5239FA2E1A8D6AA000434C25 /* GBAGameScene.m in Sources */,
				5239FA281A8D6AA000434C25 /* main.m in Sources */,
				5239FA591A8D6B5700434C25 /* GBAMenuScene.m in Sources */,
				5239FA561A8D6B4D00434C25 /* GameState.m in Sources */,
				4EAD3BB91B82702F000EB10B /* GBAStoreScene.m in Sources */,
			);
			runOnlyForDeploymentPostprocessing = 0;
		};
		5239FA3C1A8D6AA000434C25 /* Sources */ = {
			isa = PBXSourcesBuildPhase;
			buildActionMask = 2147483647;
			files = (
				5239FA471A8D6AA000434C25 /* Origami_GameTests.m in Sources */,
			);
			runOnlyForDeploymentPostprocessing = 0;
		};
/* End PBXSourcesBuildPhase section */

/* Begin PBXTargetDependency section */
		5239FA421A8D6AA000434C25 /* PBXTargetDependency */ = {
			isa = PBXTargetDependency;
			target = 5239FA211A8D6AA000434C25 /* Origami Game */;
			targetProxy = 5239FA411A8D6AA000434C25 /* PBXContainerItemProxy */;
		};
/* End PBXTargetDependency section */

/* Begin PBXVariantGroup section */
		5239FA341A8D6AA000434C25 /* Main.storyboard */ = {
			isa = PBXVariantGroup;
			children = (
				5239FA351A8D6AA000434C25 /* Base */,
			);
			name = Main.storyboard;
			sourceTree = "<group>";
		};
/* End PBXVariantGroup section */

/* Begin XCBuildConfiguration section */
		5239FA481A8D6AA000434C25 /* Debug */ = {
			isa = XCBuildConfiguration;
			buildSettings = {
				ALWAYS_SEARCH_USER_PATHS = NO;
				CLANG_CXX_LANGUAGE_STANDARD = "gnu++0x";
				CLANG_CXX_LIBRARY = "libc++";
				CLANG_ENABLE_MODULES = YES;
				CLANG_ENABLE_OBJC_ARC = YES;
				CLANG_WARN_BOOL_CONVERSION = YES;
				CLANG_WARN_CONSTANT_CONVERSION = YES;
				CLANG_WARN_DIRECT_OBJC_ISA_USAGE = YES_ERROR;
				CLANG_WARN_EMPTY_BODY = YES;
				CLANG_WARN_ENUM_CONVERSION = YES;
				CLANG_WARN_INT_CONVERSION = YES;
				CLANG_WARN_OBJC_ROOT_CLASS = YES_ERROR;
				CLANG_WARN_UNREACHABLE_CODE = YES;
				CLANG_WARN__DUPLICATE_METHOD_MATCH = YES;
				"CODE_SIGN_IDENTITY[sdk=iphoneos*]" = "iPhone Developer";
				COPY_PHASE_STRIP = NO;
				ENABLE_STRICT_OBJC_MSGSEND = YES;
				ENABLE_TESTABILITY = YES;
				GCC_C_LANGUAGE_STANDARD = gnu99;
				GCC_DYNAMIC_NO_PIC = NO;
				GCC_OPTIMIZATION_LEVEL = 0;
				GCC_PREPROCESSOR_DEFINITIONS = (
					"DEBUG=1",
					"$(inherited)",
				);
				GCC_SYMBOLS_PRIVATE_EXTERN = NO;
				GCC_WARN_64_TO_32_BIT_CONVERSION = YES;
				GCC_WARN_ABOUT_RETURN_TYPE = YES_ERROR;
				GCC_WARN_UNDECLARED_SELECTOR = YES;
				GCC_WARN_UNINITIALIZED_AUTOS = YES_AGGRESSIVE;
				GCC_WARN_UNUSED_FUNCTION = YES;
				GCC_WARN_UNUSED_VARIABLE = YES;
				IPHONEOS_DEPLOYMENT_TARGET = 8.1;
				MTL_ENABLE_DEBUG_INFO = YES;
				ONLY_ACTIVE_ARCH = YES;
				SDKROOT = iphoneos;
			};
			name = Debug;
		};
		5239FA491A8D6AA000434C25 /* Release */ = {
			isa = XCBuildConfiguration;
			buildSettings = {
				ALWAYS_SEARCH_USER_PATHS = NO;
				CLANG_CXX_LANGUAGE_STANDARD = "gnu++0x";
				CLANG_CXX_LIBRARY = "libc++";
				CLANG_ENABLE_MODULES = YES;
				CLANG_ENABLE_OBJC_ARC = YES;
				CLANG_WARN_BOOL_CONVERSION = YES;
				CLANG_WARN_CONSTANT_CONVERSION = YES;
				CLANG_WARN_DIRECT_OBJC_ISA_USAGE = YES_ERROR;
				CLANG_WARN_EMPTY_BODY = YES;
				CLANG_WARN_ENUM_CONVERSION = YES;
				CLANG_WARN_INT_CONVERSION = YES;
				CLANG_WARN_OBJC_ROOT_CLASS = YES_ERROR;
				CLANG_WARN_UNREACHABLE_CODE = YES;
				CLANG_WARN__DUPLICATE_METHOD_MATCH = YES;
				"CODE_SIGN_IDENTITY[sdk=iphoneos*]" = "iPhone Developer";
				COPY_PHASE_STRIP = YES;
				ENABLE_NS_ASSERTIONS = NO;
				ENABLE_STRICT_OBJC_MSGSEND = YES;
				GCC_C_LANGUAGE_STANDARD = gnu99;
				GCC_WARN_64_TO_32_BIT_CONVERSION = YES;
				GCC_WARN_ABOUT_RETURN_TYPE = YES_ERROR;
				GCC_WARN_UNDECLARED_SELECTOR = YES;
				GCC_WARN_UNINITIALIZED_AUTOS = YES_AGGRESSIVE;
				GCC_WARN_UNUSED_FUNCTION = YES;
				GCC_WARN_UNUSED_VARIABLE = YES;
				IPHONEOS_DEPLOYMENT_TARGET = 8.1;
				MTL_ENABLE_DEBUG_INFO = NO;
				SDKROOT = iphoneos;
				VALIDATE_PRODUCT = YES;
			};
			name = Release;
		};
		5239FA4B1A8D6AA000434C25 /* Debug */ = {
			isa = XCBuildConfiguration;
			buildSettings = {
				ASSETCATALOG_COMPILER_APPICON_NAME = AppIcon;
				ASSETCATALOG_COMPILER_LAUNCHIMAGE_NAME = LaunchImage;
				CODE_SIGN_IDENTITY = "iPhone Developer";
				"CODE_SIGN_IDENTITY[sdk=iphoneos*]" = "iPhone Developer";
				FRAMEWORK_SEARCH_PATHS = (
					"$(inherited)",
					/Users/facundo/Documents/FacebookSDK,
					"$(PROJECT_DIR)",
				);
				INFOPLIST_FILE = "Origami Game/Info.plist";
				IPHONEOS_DEPLOYMENT_TARGET = 7.0;
				LD_RUNPATH_SEARCH_PATHS = "$(inherited) @executable_path/Frameworks";
				OTHER_LDFLAGS = "-ObjC";
				PRODUCT_BUNDLE_IDENTIFIER = "com.facundoschiavoni.$(PRODUCT_NAME:rfc1034identifier)";
				PRODUCT_NAME = "$(TARGET_NAME)";
				PROVISIONING_PROFILE = "";
			};
			name = Debug;
		};
		5239FA4C1A8D6AA000434C25 /* Release */ = {
			isa = XCBuildConfiguration;
			buildSettings = {
				ASSETCATALOG_COMPILER_APPICON_NAME = AppIcon;
				ASSETCATALOG_COMPILER_LAUNCHIMAGE_NAME = LaunchImage;
				CODE_SIGN_IDENTITY = "iPhone Developer";
				"CODE_SIGN_IDENTITY[sdk=iphoneos*]" = "iPhone Developer";
				FRAMEWORK_SEARCH_PATHS = (
					"$(inherited)",
					/Users/facundo/Documents/FacebookSDK,
					"$(PROJECT_DIR)",
				);
				INFOPLIST_FILE = "Origami Game/Info.plist";
				IPHONEOS_DEPLOYMENT_TARGET = 7.0;
				LD_RUNPATH_SEARCH_PATHS = "$(inherited) @executable_path/Frameworks";
				OTHER_LDFLAGS = "-ObjC";
				PRODUCT_BUNDLE_IDENTIFIER = "com.facundoschiavoni.$(PRODUCT_NAME:rfc1034identifier)";
				PRODUCT_NAME = "$(TARGET_NAME)";
				PROVISIONING_PROFILE = "";
			};
			name = Release;
		};
		5239FA4E1A8D6AA000434C25 /* Debug */ = {
			isa = XCBuildConfiguration;
			buildSettings = {
				BUNDLE_LOADER = "$(TEST_HOST)";
				FRAMEWORK_SEARCH_PATHS = (
					"$(SDKROOT)/Developer/Library/Frameworks",
					"$(inherited)",
				);
				GCC_PREPROCESSOR_DEFINITIONS = (
					"DEBUG=1",
					"$(inherited)",
				);
				INFOPLIST_FILE = "Origami GameTests/Info.plist";
				LD_RUNPATH_SEARCH_PATHS = "$(inherited) @executable_path/Frameworks @loader_path/Frameworks";
				PRODUCT_BUNDLE_IDENTIFIER = "com.facundoschiavoni.$(PRODUCT_NAME:rfc1034identifier)";
				PRODUCT_NAME = "$(TARGET_NAME)";
				TEST_HOST = "$(BUILT_PRODUCTS_DIR)/Origami Game.app/Origami Game";
			};
			name = Debug;
		};
		5239FA4F1A8D6AA000434C25 /* Release */ = {
			isa = XCBuildConfiguration;
			buildSettings = {
				BUNDLE_LOADER = "$(TEST_HOST)";
				FRAMEWORK_SEARCH_PATHS = (
					"$(SDKROOT)/Developer/Library/Frameworks",
					"$(inherited)",
				);
				INFOPLIST_FILE = "Origami GameTests/Info.plist";
				LD_RUNPATH_SEARCH_PATHS = "$(inherited) @executable_path/Frameworks @loader_path/Frameworks";
				PRODUCT_BUNDLE_IDENTIFIER = "com.facundoschiavoni.$(PRODUCT_NAME:rfc1034identifier)";
				PRODUCT_NAME = "$(TARGET_NAME)";
				TEST_HOST = "$(BUILT_PRODUCTS_DIR)/Origami Game.app/Origami Game";
			};
			name = Release;
		};
/* End XCBuildConfiguration section */

/* Begin XCConfigurationList section */
		5239FA1D1A8D6AA000434C25 /* Build configuration list for PBXProject "Origami Game" */ = {
			isa = XCConfigurationList;
			buildConfigurations = (
				5239FA481A8D6AA000434C25 /* Debug */,
				5239FA491A8D6AA000434C25 /* Release */,
			);
			defaultConfigurationIsVisible = 0;
			defaultConfigurationName = Release;
		};
		5239FA4A1A8D6AA000434C25 /* Build configuration list for PBXNativeTarget "Origami Game" */ = {
			isa = XCConfigurationList;
			buildConfigurations = (
				5239FA4B1A8D6AA000434C25 /* Debug */,
				5239FA4C1A8D6AA000434C25 /* Release */,
			);
			defaultConfigurationIsVisible = 0;
			defaultConfigurationName = Release;
		};
		5239FA4D1A8D6AA000434C25 /* Build configuration list for PBXNativeTarget "Origami GameTests" */ = {
			isa = XCConfigurationList;
			buildConfigurations = (
				5239FA4E1A8D6AA000434C25 /* Debug */,
				5239FA4F1A8D6AA000434C25 /* Release */,
			);
			defaultConfigurationIsVisible = 0;
			defaultConfigurationName = Release;
		};
/* End XCConfigurationList section */
	};
	rootObject = 5239FA1A1A8D6AA000434C25 /* Project object */;
}
